
Microsoft Visual Studio Solution File, Format Version 12.00
# Visual Studio Version 16
VisualStudioVersion = 16.0.29613.14
MinimumVisualStudioVersion = 10.0.40219.1
Project("{FAE04EC0-301F-11D3-BF4B-00C04F79EFBC}") = "PlayerLib", "PlayerLib.csproj", "{575DB38D-EDD1-40DD-89E9-83BF2D1FA8A1}"
EndProject
Project("{FAE04EC0-301F-11D3-BF4B-00C04F79EFBC}") = "CardLib", "..\CardLib\CardLib.csproj", "{F9F2C025-8076-4BBC-86CE-FD2A64C37587}"
EndProject
Project("{FAE04EC0-301F-11D3-BF4B-00C04F79EFBC}") = "CardLibTester", "..\CardLibTester\CardLibTester.csproj", "{ACA72B3C-8565-4481-8004-4F82D2EDFD87}"
EndProject
Global
	GlobalSection(SolutionConfigurationPlatforms) = preSolution
		Debug|Any CPU = Debug|Any CPU
		Release|Any CPU = Release|Any CPU
	EndGlobalSection
	GlobalSection(ProjectConfigurationPlatforms) = postSolution
		{575DB38D-EDD1-40DD-89E9-83BF2D1FA8A1}.Debug|Any CPU.ActiveCfg = Debug|Any CPU
		{575DB38D-EDD1-40DD-89E9-83BF2D1FA8A1}.Debug|Any CPU.Build.0 = Debug|Any CPU
		{575DB38D-EDD1-40DD-89E9-83BF2D1FA8A1}.Release|Any CPU.ActiveCfg = Release|Any CPU
		{575DB38D-EDD1-40DD-89E9-83BF2D1FA8A1}.Release|Any CPU.Build.0 = Release|Any CPU
		{F9F2C025-8076-4BBC-86CE-FD2A64C37587}.Debug|Any CPU.ActiveCfg = Debug|Any CPU
		{F9F2C025-8076-4BBC-86CE-FD2A64C37587}.Debug|Any CPU.Build.0 = Debug|Any CPU
		{F9F2C025-8076-4BBC-86CE-FD2A64C37587}.Release|Any CPU.ActiveCfg = Release|Any CPU
		{F9F2C025-8076-4BBC-86CE-FD2A64C37587}.Release|Any CPU.Build.0 = Release|Any CPU
		{ACA72B3C-8565-4481-8004-4F82D2EDFD87}.Debug|Any CPU.ActiveCfg = Debug|Any CPU
		{ACA72B3C-8565-4481-8004-4F82D2EDFD87}.Debug|Any CPU.Build.0 = Debug|Any CPU
		{ACA72B3C-8565-4481-8004-4F82D2EDFD87}.Release|Any CPU.ActiveCfg = Release|Any CPU
		{ACA72B3C-8565-4481-8004-4F82D2EDFD87}.Release|Any CPU.Build.0 = Release|Any CPU
	EndGlobalSection
	GlobalSection(SolutionProperties) = preSolution
		HideSolutionNode = FALSE
	EndGlobalSection
	GlobalSection(ExtensibilityGlobals) = postSolution
		SolutionGuid = {EA27DD73-D19C-4B29-85F7-F1EE405A5B47}
	EndGlobalSection
EndGlobal
